
Microsoft Visual Studio Solution File, Format Version 12.00
# Visual Studio 14
VisualStudioVersion = 14.0.23107.0
MinimumVisualStudioVersion = 10.0.40219.1
Project("{FAE04EC0-301F-11D3-BF4B-00C04F79EFBC}") = "IdeativeWinForm", "IdeativeWinForm\IdeativeWinForm.csproj", "{B2C00C0A-CB7F-43C4-9C4A-AE388D9046C8}"
EndProject
Project("{FAE04EC0-301F-11D3-BF4B-00C04F79EFBC}") = "Ideative.Dinamik", "Ideative.Dinamik\Ideative.Dinamik.csproj", "{9F797345-2BFF-4C65-A6D4-6745255D62A0}"
EndProject
Project("{FAE04EC0-301F-11D3-BF4B-00C04F79EFBC}") = "Ideative.Core", "Ideative.Core\Ideative.Core.csproj", "{BCD66973-189B-4C83-8A95-5CC8CE1334F6}"
EndProject
Project("{FAE04EC0-301F-11D3-BF4B-00C04F79EFBC}") = "Ideative.Web", "Ideative.Web\Ideative.Web.csproj", "{ABC4AD6D-C732-4B75-B6BF-F087D509AC73}"
EndProject
Project("{FAE04EC0-301F-11D3-BF4B-00C04F79EFBC}") = "CodeCompiler", "..\CodeCompiler\CodeCompiler.csproj", "{12053719-3979-4288-982E-F609A60DAB4C}"
EndProject
Project("{FAE04EC0-301F-11D3-BF4B-00C04F79EFBC}") = "Ideative.Mvc", "Ideative.Mvc\Ideative.Mvc.csproj", "{9E38C3BD-A0F4-4914-9B87-B469E7A3FE83}"
EndProject
Project("{2150E333-8FDC-42A3-9474-1A3956D46DE8}") = "MVCAppFrameWork", "MVCAppFrameWork", "{4FF4619C-E1A2-49F9-85CA-FBD4E4E1C054}"
EndProject
Project("{2150E333-8FDC-42A3-9474-1A3956D46DE8}") = "Validation", "Validation", "{6A8DCEE5-C8CF-4E88-986C-64589A93969B}"
EndProject
Project("{2150E333-8FDC-42A3-9474-1A3956D46DE8}") = "Configuration", "Configuration", "{4E02C571-A2F9-44D4-9569-6B1960D18AE8}"
EndProject
Project("{2150E333-8FDC-42A3-9474-1A3956D46DE8}") = "Core", "Core", "{E864117E-8B5B-4936-92AE-3C5D779FF022}"
EndProject
Project("{2150E333-8FDC-42A3-9474-1A3956D46DE8}") = "HtmlHelpers", "HtmlHelpers", "{B8291B41-B858-4478-9CF8-53A15EB760B2}"
EndProject
Project("{2150E333-8FDC-42A3-9474-1A3956D46DE8}") = "Data", "Data", "{74A98A41-40FE-458C-9CF7-2F96F8C110B4}"
EndProject
Global
	GlobalSection(SolutionConfigurationPlatforms) = preSolution
		Debug|Any CPU = Debug|Any CPU
		Release|Any CPU = Release|Any CPU
	EndGlobalSection
	GlobalSection(ProjectConfigurationPlatforms) = postSolution
		{B2C00C0A-CB7F-43C4-9C4A-AE388D9046C8}.Debug|Any CPU.ActiveCfg = Debug|Any CPU
		{B2C00C0A-CB7F-43C4-9C4A-AE388D9046C8}.Debug|Any CPU.Build.0 = Debug|Any CPU
		{B2C00C0A-CB7F-43C4-9C4A-AE388D9046C8}.Release|Any CPU.ActiveCfg = Release|Any CPU
		{B2C00C0A-CB7F-43C4-9C4A-AE388D9046C8}.Release|Any CPU.Build.0 = Release|Any CPU
		{9F797345-2BFF-4C65-A6D4-6745255D62A0}.Debug|Any CPU.ActiveCfg = Debug|Any CPU
		{9F797345-2BFF-4C65-A6D4-6745255D62A0}.Debug|Any CPU.Build.0 = Debug|Any CPU
		{9F797345-2BFF-4C65-A6D4-6745255D62A0}.Release|Any CPU.ActiveCfg = Release|Any CPU
		{9F797345-2BFF-4C65-A6D4-6745255D62A0}.Release|Any CPU.Build.0 = Release|Any CPU
		{BCD66973-189B-4C83-8A95-5CC8CE1334F6}.Debug|Any CPU.ActiveCfg = Debug|Any CPU
		{BCD66973-189B-4C83-8A95-5CC8CE1334F6}.Debug|Any CPU.Build.0 = Debug|Any CPU
		{BCD66973-189B-4C83-8A95-5CC8CE1334F6}.Release|Any CPU.ActiveCfg = Release|Any CPU
		{BCD66973-189B-4C83-8A95-5CC8CE1334F6}.Release|Any CPU.Build.0 = Release|Any CPU
		{ABC4AD6D-C732-4B75-B6BF-F087D509AC73}.Debug|Any CPU.ActiveCfg = Debug|Any CPU
		{ABC4AD6D-C732-4B75-B6BF-F087D509AC73}.Debug|Any CPU.Build.0 = Debug|Any CPU
		{ABC4AD6D-C732-4B75-B6BF-F087D509AC73}.Release|Any CPU.ActiveCfg = Release|Any CPU
		{ABC4AD6D-C732-4B75-B6BF-F087D509AC73}.Release|Any CPU.Build.0 = Release|Any CPU
		{12053719-3979-4288-982E-F609A60DAB4C}.Debug|Any CPU.ActiveCfg = Debug|Any CPU
		{12053719-3979-4288-982E-F609A60DAB4C}.Debug|Any CPU.Build.0 = Debug|Any CPU
		{12053719-3979-4288-982E-F609A60DAB4C}.Release|Any CPU.ActiveCfg = Release|Any CPU
		{12053719-3979-4288-982E-F609A60DAB4C}.Release|Any CPU.Build.0 = Release|Any CPU
		{9E38C3BD-A0F4-4914-9B87-B469E7A3FE83}.Debug|Any CPU.ActiveCfg = Debug|Any CPU
		{9E38C3BD-A0F4-4914-9B87-B469E7A3FE83}.Debug|Any CPU.Build.0 = Debug|Any CPU
		{9E38C3BD-A0F4-4914-9B87-B469E7A3FE83}.Release|Any CPU.ActiveCfg = Release|Any CPU
		{9E38C3BD-A0F4-4914-9B87-B469E7A3FE83}.Release|Any CPU.Build.0 = Release|Any CPU
	EndGlobalSection
	GlobalSection(SolutionProperties) = preSolution
		HideSolutionNode = FALSE
	EndGlobalSection
	GlobalSection(NestedProjects) = preSolution
		{6A8DCEE5-C8CF-4E88-986C-64589A93969B} = {4FF4619C-E1A2-49F9-85CA-FBD4E4E1C054}
		{4E02C571-A2F9-44D4-9569-6B1960D18AE8} = {4FF4619C-E1A2-49F9-85CA-FBD4E4E1C054}
		{E864117E-8B5B-4936-92AE-3C5D779FF022} = {4FF4619C-E1A2-49F9-85CA-FBD4E4E1C054}
		{B8291B41-B858-4478-9CF8-53A15EB760B2} = {4FF4619C-E1A2-49F9-85CA-FBD4E4E1C054}
		{74A98A41-40FE-458C-9CF7-2F96F8C110B4} = {4FF4619C-E1A2-49F9-85CA-FBD4E4E1C054}
	EndGlobalSection
EndGlobal
